# This file is automatically @generated by Wally.
# It is not intended for manual editing.
registry = "test"

[[package]]
name = "cameronpcampbell/rsml"
version = "1.0.1"
dependencies = [["Rsml", "cameronpcampbell/rsml-4398reihfihaoe@1.0.3"]]

[[package]]
name = "cameronpcampbell/rsml-4398reihfihaoe"
version = "1.0.3"
dependencies = []
